
Microsoft Visual Studio Solution File, Format Version 12.00
# Visual Studio 15
VisualStudioVersion = 15.0.26730.12
MinimumVisualStudioVersion = 10.0.40219.1
Project("{8BC9CEB8-8B4A-11D0-8D11-00A0C91BC942}") = "Lab5Task2", "Lab5Task2\Lab5Task2.vcxproj", "{A2C6EA3A-121B-46A0-8A2B-57FD63B0B439}"
EndProject
Global
	GlobalSection(SolutionConfigurationPlatforms) = preSolution
		Debug|x64 = Debug|x64
		Debug|x86 = Debug|x86
		Release|x64 = Release|x64
		Release|x86 = Release|x86
	EndGlobalSection
	GlobalSection(ProjectConfigurationPlatforms) = postSolution
		{A2C6EA3A-121B-46A0-8A2B-57FD63B0B439}.Debug|x64.ActiveCfg = Debug|x64
		{A2C6EA3A-121B-46A0-8A2B-57FD63B0B439}.Debug|x64.Build.0 = Debug|x64
		{A2C6EA3A-121B-46A0-8A2B-57FD63B0B439}.Debug|x86.ActiveCfg = Debug|Win32
		{A2C6EA3A-121B-46A0-8A2B-57FD63B0B439}.Debug|x86.Build.0 = Debug|Win32
		{A2C6EA3A-121B-46A0-8A2B-57FD63B0B439}.Release|x64.ActiveCfg = Release|x64
		{A2C6EA3A-121B-46A0-8A2B-57FD63B0B439}.Release|x64.Build.0 = Release|x64
		{A2C6EA3A-121B-46A0-8A2B-57FD63B0B439}.Release|x86.ActiveCfg = Release|Win32
		{A2C6EA3A-121B-46A0-8A2B-57FD63B0B439}.Release|x86.Build.0 = Release|Win32
	EndGlobalSection
	GlobalSection(SolutionProperties) = preSolution
		HideSolutionNode = FALSE
	EndGlobalSection
	GlobalSection(ExtensibilityGlobals) = postSolution
		SolutionGuid = {5CED3E43-95A9-454F-B49C-F1B1CB910B40}
	EndGlobalSection
EndGlobal
