
Microsoft Visual Studio Solution File, Format Version 12.00
# Visual Studio 15
VisualStudioVersion = 15.0.26730.12
MinimumVisualStudioVersion = 10.0.40219.1
Project("{8BC9CEB8-8B4A-11D0-8D11-00A0C91BC942}") = "arrayPratice", "arrayPratice\arrayPratice.vcxproj", "{3CE9A82F-2046-44A9-9EA4-2E2D56AC57E4}"
EndProject
Global
	GlobalSection(SolutionConfigurationPlatforms) = preSolution
		Debug|x64 = Debug|x64
		Debug|x86 = Debug|x86
		Release|x64 = Release|x64
		Release|x86 = Release|x86
	EndGlobalSection
	GlobalSection(ProjectConfigurationPlatforms) = postSolution
		{3CE9A82F-2046-44A9-9EA4-2E2D56AC57E4}.Debug|x64.ActiveCfg = Debug|x64
		{3CE9A82F-2046-44A9-9EA4-2E2D56AC57E4}.Debug|x64.Build.0 = Debug|x64
		{3CE9A82F-2046-44A9-9EA4-2E2D56AC57E4}.Debug|x86.ActiveCfg = Debug|Win32
		{3CE9A82F-2046-44A9-9EA4-2E2D56AC57E4}.Debug|x86.Build.0 = Debug|Win32
		{3CE9A82F-2046-44A9-9EA4-2E2D56AC57E4}.Release|x64.ActiveCfg = Release|x64
		{3CE9A82F-2046-44A9-9EA4-2E2D56AC57E4}.Release|x64.Build.0 = Release|x64
		{3CE9A82F-2046-44A9-9EA4-2E2D56AC57E4}.Release|x86.ActiveCfg = Release|Win32
		{3CE9A82F-2046-44A9-9EA4-2E2D56AC57E4}.Release|x86.Build.0 = Release|Win32
	EndGlobalSection
	GlobalSection(SolutionProperties) = preSolution
		HideSolutionNode = FALSE
	EndGlobalSection
	GlobalSection(ExtensibilityGlobals) = postSolution
		SolutionGuid = {08A3BA08-9330-4D69-92E4-1050AC7D2CEC}
	EndGlobalSection
EndGlobal
