
Microsoft Visual Studio Solution File, Format Version 12.00
# Visual Studio 15
VisualStudioVersion = 15.0.26730.12
MinimumVisualStudioVersion = 10.0.40219.1
Project("{8BC9CEB8-8B4A-11D0-8D11-00A0C91BC942}") = "Pointerexample", "Pointerexample\Pointerexample.vcxproj", "{A5A36D55-7726-4F97-8C78-64FAF0DEACA8}"
EndProject
Global
	GlobalSection(SolutionConfigurationPlatforms) = preSolution
		Debug|x64 = Debug|x64
		Debug|x86 = Debug|x86
		Release|x64 = Release|x64
		Release|x86 = Release|x86
	EndGlobalSection
	GlobalSection(ProjectConfigurationPlatforms) = postSolution
		{A5A36D55-7726-4F97-8C78-64FAF0DEACA8}.Debug|x64.ActiveCfg = Debug|x64
		{A5A36D55-7726-4F97-8C78-64FAF0DEACA8}.Debug|x64.Build.0 = Debug|x64
		{A5A36D55-7726-4F97-8C78-64FAF0DEACA8}.Debug|x86.ActiveCfg = Debug|Win32
		{A5A36D55-7726-4F97-8C78-64FAF0DEACA8}.Debug|x86.Build.0 = Debug|Win32
		{A5A36D55-7726-4F97-8C78-64FAF0DEACA8}.Release|x64.ActiveCfg = Release|x64
		{A5A36D55-7726-4F97-8C78-64FAF0DEACA8}.Release|x64.Build.0 = Release|x64
		{A5A36D55-7726-4F97-8C78-64FAF0DEACA8}.Release|x86.ActiveCfg = Release|Win32
		{A5A36D55-7726-4F97-8C78-64FAF0DEACA8}.Release|x86.Build.0 = Release|Win32
	EndGlobalSection
	GlobalSection(SolutionProperties) = preSolution
		HideSolutionNode = FALSE
	EndGlobalSection
	GlobalSection(ExtensibilityGlobals) = postSolution
		SolutionGuid = {62A432E1-9667-4FA9-AF6F-C86B107263B1}
	EndGlobalSection
EndGlobal
